
Microsoft Visual Studio Solution File, Format Version 12.00
# Visual Studio Version 16
VisualStudioVersion = 16.0.29009.5
MinimumVisualStudioVersion = 10.0.40219.1
Project("{FAE04EC0-301F-11D3-BF4B-00C04F79EFBC}") = "TestTask66bit", "TestTask66bit\TestTask66bit.csproj", "{041B4236-472B-44B3-A302-2FAE9CEA3D9D}"
EndProject
Global
	GlobalSection(SolutionConfigurationPlatforms) = preSolution
		Debug|Any CPU = Debug|Any CPU
		Release|Any CPU = Release|Any CPU
	EndGlobalSection
	GlobalSection(ProjectConfigurationPlatforms) = postSolution
		{041B4236-472B-44B3-A302-2FAE9CEA3D9D}.Debug|Any CPU.ActiveCfg = Debug|Any CPU
		{041B4236-472B-44B3-A302-2FAE9CEA3D9D}.Debug|Any CPU.Build.0 = Debug|Any CPU
		{041B4236-472B-44B3-A302-2FAE9CEA3D9D}.Release|Any CPU.ActiveCfg = Release|Any CPU
		{041B4236-472B-44B3-A302-2FAE9CEA3D9D}.Release|Any CPU.Build.0 = Release|Any CPU
	EndGlobalSection
	GlobalSection(SolutionProperties) = preSolution
		HideSolutionNode = FALSE
	EndGlobalSection
	GlobalSection(ExtensibilityGlobals) = postSolution
		SolutionGuid = {7F20089E-FA39-41BD-AEDB-6B4F5B2AD528}
	EndGlobalSection
EndGlobal
